// !$*UTF8*$!
{
	archiveVersion = 1;
	classes = {
	};
	objectVersion = 55;
	objects = {

/* Begin PBXBuildFile section */
		296FCD6E28C81D7D00CAE1CB /* LightieApp.swift in Sources */ = {isa = PBXBuildFile; fileRef = 296FCD6D28C81D7D00CAE1CB /* LightieApp.swift */; };
		296FCD7228C81D8200CAE1CB /* Assets.xcassets in Resources */ = {isa = PBXBuildFile; fileRef = 296FCD7128C81D8200CAE1CB /* Assets.xcassets */; };
		296FCD7528C81D8200CAE1CB /* Preview Assets.xcassets in Resources */ = {isa = PBXBuildFile; fileRef = 296FCD7428C81D8200CAE1CB /* Preview Assets.xcassets */; };
		296FCD7D28C8294000CAE1CB /* SlidingRuler in Frameworks */ = {isa = PBXBuildFile; productRef = 296FCD7C28C8294000CAE1CB /* SlidingRuler */; };
		297E609828CA30400083D936 /* LiveViewController.swift in Sources */ = {isa = PBXBuildFile; fileRef = 297E609728CA30400083D936 /* LiveViewController.swift */; };
		29A168DD28C908B800BBAB27 /* ImagePicker.swift in Sources */ = {isa = PBXBuildFile; fileRef = 29A168DC28C908B800BBAB27 /* ImagePicker.swift */; };
		29A168DE28C914C700BBAB27 /* ContentView.swift in Sources */ = {isa = PBXBuildFile; fileRef = 296FCD6F28C81D7D00CAE1CB /* ContentView.swift */; };
/* End PBXBuildFile section */

/* Begin PBXFileReference section */
		296FCD6A28C81D7D00CAE1CB /* Lightie.app */ = {isa = PBXFileReference; explicitFileType = wrapper.application; includeInIndex = 0; path = Lightie.app; sourceTree = BUILT_PRODUCTS_DIR; };
		296FCD6D28C81D7D00CAE1CB /* LightieApp.swift */ = {isa = PBXFileReference; lastKnownFileType = sourcecode.swift; path = LightieApp.swift; sourceTree = "<group>"; };
		296FCD6F28C81D7D00CAE1CB /* ContentView.swift */ = {isa = PBXFileReference; lastKnownFileType = sourcecode.swift; path = ContentView.swift; sourceTree = "<group>"; };
		296FCD7128C81D8200CAE1CB /* Assets.xcassets */ = {isa = PBXFileReference; lastKnownFileType = folder.assetcatalog; path = Assets.xcassets; sourceTree = "<group>"; };
		296FCD7428C81D8200CAE1CB /* Preview Assets.xcassets */ = {isa = PBXFileReference; lastKnownFileType = folder.assetcatalog; path = "Preview Assets.xcassets"; sourceTree = "<group>"; };
		297E609728CA30400083D936 /* LiveViewController.swift */ = {isa = PBXFileReference; lastKnownFileType = sourcecode.swift; path = LiveViewController.swift; sourceTree = "<group>"; };
		29A168DC28C908B800BBAB27 /* ImagePicker.swift */ = {isa = PBXFileReference; lastKnownFileType = sourcecode.swift; path = ImagePicker.swift; sourceTree = "<group>"; };
/* End PBXFileReference section */

/* Begin PBXFrameworksBuildPhase section */
		296FCD6728C81D7D00CAE1CB /* Frameworks */ = {
			isa = PBXFrameworksBuildPhase;
			buildActionMask = 2147483647;
			files = (
				296FCD7D28C8294000CAE1CB /* SlidingRuler in Frameworks */,
			);
			runOnlyForDeploymentPostprocessing = 0;
		};
/* End PBXFrameworksBuildPhase section */

/* Begin PBXGroup section */
		296FCD6128C81D7D00CAE1CB = {
			isa = PBXGroup;
			children = (
				296FCD6C28C81D7D00CAE1CB /* Lightie */,
				296FCD6B28C81D7D00CAE1CB /* Products */,
			);
			sourceTree = "<group>";
		};
		296FCD6B28C81D7D00CAE1CB /* Products */ = {
			isa = PBXGroup;
			children = (
				296FCD6A28C81D7D00CAE1CB /* Lightie.app */,
			);
			name = Products;
			sourceTree = "<group>";
		};
		296FCD6C28C81D7D00CAE1CB /* Lightie */ = {
			isa = PBXGroup;
			children = (
				296FCD6D28C81D7D00CAE1CB /* LightieApp.swift */,
				296FCD6F28C81D7D00CAE1CB /* ContentView.swift */,
				29A168DC28C908B800BBAB27 /* ImagePicker.swift */,
				296FCD7128C81D8200CAE1CB /* Assets.xcassets */,
				296FCD7328C81D8200CAE1CB /* Preview Content */,
				297E609728CA30400083D936 /* LiveViewController.swift */,
			);
			path = Lightie;
			sourceTree = "<group>";
		};
		296FCD7328C81D8200CAE1CB /* Preview Content */ = {
			isa = PBXGroup;
			children = (
				296FCD7428C81D8200CAE1CB /* Preview Assets.xcassets */,
			);
			path = "Preview Content";
			sourceTree = "<group>";
		};
/* End PBXGroup section */

/* Begin PBXNativeTarget section */
		296FCD6928C81D7D00CAE1CB /* Lightie */ = {
			isa = PBXNativeTarget;
			buildConfigurationList = 296FCD7828C81D8200CAE1CB /* Build configuration list for PBXNativeTarget "Lightie" */;
			buildPhases = (
				296FCD6628C81D7D00CAE1CB /* Sources */,
				296FCD6728C81D7D00CAE1CB /* Frameworks */,
				296FCD6828C81D7D00CAE1CB /* Resources */,
			);
			buildRules = (
			);
			dependencies = (
			);
			name = Lightie;
			packageProductDependencies = (
				296FCD7C28C8294000CAE1CB /* SlidingRuler */,
			);
			productName = Lightie;
			productReference = 296FCD6A28C81D7D00CAE1CB /* Lightie.app */;
			productType = "com.apple.product-type.application";
		};
/* End PBXNativeTarget section */

/* Begin PBXProject section */
		296FCD6228C81D7D00CAE1CB /* Project object */ = {
			isa = PBXProject;
			attributes = {
				BuildIndependentTargetsInParallel = 1;
				LastSwiftUpdateCheck = 1340;
				LastUpgradeCheck = 1340;
				TargetAttributes = {
					296FCD6928C81D7D00CAE1CB = {
						CreatedOnToolsVersion = 13.4.1;
					};
				};
			};
			buildConfigurationList = 296FCD6528C81D7D00CAE1CB /* Build configuration list for PBXProject "Lightie" */;
			compatibilityVersion = "Xcode 13.0";
			developmentRegion = en;
			hasScannedForEncodings = 0;
			knownRegions = (
				en,
				Base,
			);
			mainGroup = 296FCD6128C81D7D00CAE1CB;
			packageReferences = (
				296FCD7B28C8294000CAE1CB /* XCRemoteSwiftPackageReference "SlidingRuler" */,
			);
			productRefGroup = 296FCD6B28C81D7D00CAE1CB /* Products */;
			projectDirPath = "";
			projectRoot = "";
			targets = (
				296FCD6928C81D7D00CAE1CB /* Lightie */,
			);
		};
/* End PBXProject section */

/* Begin PBXResourcesBuildPhase section */
		296FCD6828C81D7D00CAE1CB /* Resources */ = {
			isa = PBXResourcesBuildPhase;
			buildActionMask = 2147483647;
			files = (
				296FCD7528C81D8200CAE1CB /* Preview Assets.xcassets in Resources */,
				296FCD7228C81D8200CAE1CB /* Assets.xcassets in Resources */,
			);
			runOnlyForDeploymentPostprocessing = 0;
		};
/* End PBXResourcesBuildPhase section */

/* Begin PBXSourcesBuildPhase section */
		296FCD6628C81D7D00CAE1CB /* Sources */ = {
			isa = PBXSourcesBuildPhase;
			buildActionMask = 2147483647;
			files = (
				29A168DD28C908B800BBAB27 /* ImagePicker.swift in Sources */,
				296FCD6E28C81D7D00CAE1CB /* LightieApp.swift in Sources */,
				297E609828CA30400083D936 /* LiveViewController.swift in Sources */,
				29A168DE28C914C700BBAB27 /* ContentView.swift in Sources */,
			);
			runOnlyForDeploymentPostprocessing = 0;
		};
/* End PBXSourcesBuildPhase section */

/* Begin XCBuildConfiguration section */
		296FCD7628C81D8200CAE1CB /* Debug */ = {
			isa = XCBuildConfiguration;
			buildSettings = {
				ALWAYS_SEARCH_USER_PATHS = NO;
				CLANG_ANALYZER_NONNULL = YES;
				CLANG_ANALYZER_NUMBER_OBJECT_CONVERSION = YES_AGGRESSIVE;
				CLANG_CXX_LANGUAGE_STANDARD = "gnu++17";
				CLANG_ENABLE_MODULES = YES;
				CLANG_ENABLE_OBJC_ARC = YES;
				CLANG_ENABLE_OBJC_WEAK = YES;
				CLANG_WARN_BLOCK_CAPTURE_AUTORELEASING = YES;
				CLANG_WARN_BOOL_CONVERSION = YES;
				CLANG_WARN_COMMA = YES;
				CLANG_WARN_CONSTANT_CONVERSION = YES;
				CLANG_WARN_DEPRECATED_OBJC_IMPLEMENTATIONS = YES;
				CLANG_WARN_DIRECT_OBJC_ISA_USAGE = YES_ERROR;
				CLANG_WARN_DOCUMENTATION_COMMENTS = YES;
				CLANG_WARN_EMPTY_BODY = YES;
				CLANG_WARN_ENUM_CONVERSION = YES;
				CLANG_WARN_INFINITE_RECURSION = YES;
				CLANG_WARN_INT_CONVERSION = YES;
				CLANG_WARN_NON_LITERAL_NULL_CONVERSION = YES;
				CLANG_WARN_OBJC_IMPLICIT_RETAIN_SELF = YES;
				CLANG_WARN_OBJC_LITERAL_CONVERSION = YES;
				CLANG_WARN_OBJC_ROOT_CLASS = YES_ERROR;
				CLANG_WARN_QUOTED_INCLUDE_IN_FRAMEWORK_HEADER = YES;
				CLANG_WARN_RANGE_LOOP_ANALYSIS = YES;
				CLANG_WARN_STRICT_PROTOTYPES = YES;
				CLANG_WARN_SUSPICIOUS_MOVE = YES;
				CLANG_WARN_UNGUARDED_AVAILABILITY = YES_AGGRESSIVE;
				CLANG_WARN_UNREACHABLE_CODE = YES;
				CLANG_WARN__DUPLICATE_METHOD_MATCH = YES;
				COPY_PHASE_STRIP = NO;
				DEBUG_INFORMATION_FORMAT = dwarf;
				ENABLE_STRICT_OBJC_MSGSEND = YES;
				ENABLE_TESTABILITY = YES;
				GCC_C_LANGUAGE_STANDARD = gnu11;
				GCC_DYNAMIC_NO_PIC = NO;
				GCC_NO_COMMON_BLOCKS = YES;
				GCC_OPTIMIZATION_LEVEL = 0;
				GCC_PREPROCESSOR_DEFINITIONS = (
					"DEBUG=1",
					"$(inherited)",
				);
				GCC_WARN_64_TO_32_BIT_CONVERSION = YES;
				GCC_WARN_ABOUT_RETURN_TYPE = YES_ERROR;
				GCC_WARN_UNDECLARED_SELECTOR = YES;
				GCC_WARN_UNINITIALIZED_AUTOS = YES_AGGRESSIVE;
				GCC_WARN_UNUSED_FUNCTION = YES;
				GCC_WARN_UNUSED_VARIABLE = YES;
				IPHONEOS_DEPLOYMENT_TARGET = 15.5;
				MTL_ENABLE_DEBUG_INFO = INCLUDE_SOURCE;
				MTL_FAST_MATH = YES;
				ONLY_ACTIVE_ARCH = YES;
				SDKROOT = iphoneos;
				SWIFT_ACTIVE_COMPILATION_CONDITIONS = DEBUG;
				SWIFT_OPTIMIZATION_LEVEL = "-Onone";
			};
			name = Debug;
		};
		296FCD7728C81D8200CAE1CB /* Release */ = {
			isa = XCBuildConfiguration;
			buildSettings = {
				ALWAYS_SEARCH_USER_PATHS = NO;
				CLANG_ANALYZER_NONNULL = YES;
				CLANG_ANALYZER_NUMBER_OBJECT_CONVERSION = YES_AGGRESSIVE;
				CLANG_CXX_LANGUAGE_STANDARD = "gnu++17";
				CLANG_ENABLE_MODULES = YES;
				CLANG_ENABLE_OBJC_ARC = YES;
				CLANG_ENABLE_OBJC_WEAK = YES;
				CLANG_WARN_BLOCK_CAPTURE_AUTORELEASING = YES;
				CLANG_WARN_BOOL_CONVERSION = YES;
				CLANG_WARN_COMMA = YES;
				CLANG_WARN_CONSTANT_CONVERSION = YES;
				CLANG_WARN_DEPRECATED_OBJC_IMPLEMENTATIONS = YES;
				CLANG_WARN_DIRECT_OBJC_ISA_USAGE = YES_ERROR;
				CLANG_WARN_DOCUMENTATION_COMMENTS = YES;
				CLANG_WARN_EMPTY_BODY = YES;
				CLANG_WARN_ENUM_CONVERSION = YES;
				CLANG_WARN_INFINITE_RECURSION = YES;
				CLANG_WARN_INT_CONVERSION = YES;
				CLANG_WARN_NON_LITERAL_NULL_CONVERSION = YES;
				CLANG_WARN_OBJC_IMPLICIT_RETAIN_SELF = YES;
				CLANG_WARN_OBJC_LITERAL_CONVERSION = YES;
				CLANG_WARN_OBJC_ROOT_CLASS = YES_ERROR;
				CLANG_WARN_QUOTED_INCLUDE_IN_FRAMEWORK_HEADER = YES;
				CLANG_WARN_RANGE_LOOP_ANALYSIS = YES;
				CLANG_WARN_STRICT_PROTOTYPES = YES;
				CLANG_WARN_SUSPICIOUS_MOVE = YES;
				CLANG_WARN_UNGUARDED_AVAILABILITY = YES_AGGRESSIVE;
				CLANG_WARN_UNREACHABLE_CODE = YES;
				CLANG_WARN__DUPLICATE_METHOD_MATCH = YES;
				COPY_PHASE_STRIP = NO;
				DEBUG_INFORMATION_FORMAT = "dwarf-with-dsym";
				ENABLE_NS_ASSERTIONS = NO;
				ENABLE_STRICT_OBJC_MSGSEND = YES;
				GCC_C_LANGUAGE_STANDARD = gnu11;
				GCC_NO_COMMON_BLOCKS = YES;
				GCC_WARN_64_TO_32_BIT_CONVERSION = YES;
				GCC_WARN_ABOUT_RETURN_TYPE = YES_ERROR;
				GCC_WARN_UNDECLARED_SELECTOR = YES;
				GCC_WARN_UNINITIALIZED_AUTOS = YES_AGGRESSIVE;
				GCC_WARN_UNUSED_FUNCTION = YES;
				GCC_WARN_UNUSED_VARIABLE = YES;
				IPHONEOS_DEPLOYMENT_TARGET = 15.5;
				MTL_ENABLE_DEBUG_INFO = NO;
				MTL_FAST_MATH = YES;
				SDKROOT = iphoneos;
				SWIFT_COMPILATION_MODE = wholemodule;
				SWIFT_OPTIMIZATION_LEVEL = "-O";
				VALIDATE_PRODUCT = YES;
			};
			name = Release;
		};
		296FCD7928C81D8200CAE1CB /* Debug */ = {
			isa = XCBuildConfiguration;
			buildSettings = {
				ASSETCATALOG_COMPILER_APPICON_NAME = AppIcon;
				ASSETCATALOG_COMPILER_GLOBAL_ACCENT_COLOR_NAME = AccentColor;
				ASSETCATALOG_COMPILER_INCLUDE_ALL_APPICON_ASSETS = NO;
				CODE_SIGN_STYLE = Automatic;
				CURRENT_PROJECT_VERSION = 1;
				DEVELOPMENT_ASSET_PATHS = "\"Lightie/Preview Content\"";
				DEVELOPMENT_TEAM = 34N5DE7JK9;
				ENABLE_PREVIEWS = YES;
				GENERATE_INFOPLIST_FILE = YES;
				INFOPLIST_KEY_CFBundleDisplayName = Lightie;
				INFOPLIST_KEY_NSCameraUsageDescription = "Please let Lightie use the camera!";
				INFOPLIST_KEY_UIApplicationSceneManifest_Generation = YES;
				INFOPLIST_KEY_UIApplicationSupportsIndirectInputEvents = YES;
				INFOPLIST_KEY_UILaunchScreen_Generation = YES;
				INFOPLIST_KEY_UISupportedInterfaceOrientations = UIInterfaceOrientationPortrait;
				LD_RUNPATH_SEARCH_PATHS = (
					"$(inherited)",
					"@executable_path/Frameworks",
				);
				MARKETING_VERSION = 1.0;
				PRODUCT_BUNDLE_IDENTIFIER = com.amirYalchi.Lightie;
				PRODUCT_NAME = "$(TARGET_NAME)";
				SUPPORTED_PLATFORMS = "iphoneos iphonesimulator";
				SUPPORTS_MACCATALYST = NO;
				SUPPORTS_MAC_DESIGNED_FOR_IPHONE_IPAD = NO;
				SWIFT_EMIT_LOC_STRINGS = YES;
				SWIFT_VERSION = 5.0;
				TARGETED_DEVICE_FAMILY = 1;
			};
			name = Debug;
		};
		296FCD7A28C81D8200CAE1CB /* Release */ = {
			isa = XCBuildConfiguration;
			buildSettings = {
				ASSETCATALOG_COMPILER_APPICON_NAME = AppIcon;
				ASSETCATALOG_COMPILER_GLOBAL_ACCENT_COLOR_NAME = AccentColor;
				ASSETCATALOG_COMPILER_INCLUDE_ALL_APPICON_ASSETS = NO;
				CODE_SIGN_STYLE = Automatic;
				CURRENT_PROJECT_VERSION = 1;
				DEVELOPMENT_ASSET_PATHS = "\"Lightie/Preview Content\"";
				DEVELOPMENT_TEAM = 34N5DE7JK9;
				ENABLE_PREVIEWS = YES;
				GENERATE_INFOPLIST_FILE = YES;
				INFOPLIST_KEY_CFBundleDisplayName = Lightie;
				INFOPLIST_KEY_NSCameraUsageDescription = "Please let Lightie use the camera!";
				INFOPLIST_KEY_UIApplicationSceneManifest_Generation = YES;
				INFOPLIST_KEY_UIApplicationSupportsIndirectInputEvents = YES;
				INFOPLIST_KEY_UILaunchScreen_Generation = YES;
				INFOPLIST_KEY_UISupportedInterfaceOrientations = UIInterfaceOrientationPortrait;
				LD_RUNPATH_SEARCH_PATHS = (
					"$(inherited)",
					"@executable_path/Frameworks",
				);
				MARKETING_VERSION = 1.0;
				PRODUCT_BUNDLE_IDENTIFIER = com.amirYalchi.Lightie;
				PRODUCT_NAME = "$(TARGET_NAME)";
				SUPPORTED_PLATFORMS = "iphoneos iphonesimulator";
				SUPPORTS_MACCATALYST = NO;
				SUPPORTS_MAC_DESIGNED_FOR_IPHONE_IPAD = NO;
				SWIFT_EMIT_LOC_STRINGS = YES;
				SWIFT_VERSION = 5.0;
				TARGETED_DEVICE_FAMILY = 1;
			};
			name = Release;
		};
/* End XCBuildConfiguration section */

/* Begin XCConfigurationList section */
		296FCD6528C81D7D00CAE1CB /* Build configuration list for PBXProject "Lightie" */ = {
			isa = XCConfigurationList;
			buildConfigurations = (
				296FCD7628C81D8200CAE1CB /* Debug */,
				296FCD7728C81D8200CAE1CB /* Release */,
			);
			defaultConfigurationIsVisible = 0;
			defaultConfigurationName = Release;
		};
		296FCD7828C81D8200CAE1CB /* Build configuration list for PBXNativeTarget "Lightie" */ = {
			isa = XCConfigurationList;
			buildConfigurations = (
				296FCD7928C81D8200CAE1CB /* Debug */,
				296FCD7A28C81D8200CAE1CB /* Release */,
			);
			defaultConfigurationIsVisible = 0;
			defaultConfigurationName = Release;
		};
/* End XCConfigurationList section */

/* Begin XCRemoteSwiftPackageReference section */
		296FCD7B28C8294000CAE1CB /* XCRemoteSwiftPackageReference "SlidingRuler" */ = {
			isa = XCRemoteSwiftPackageReference;
			repositoryURL = "https://github.com/Pyroh/SlidingRuler";
			requirement = {
				branch = main;
				kind = branch;
			};
		};
/* End XCRemoteSwiftPackageReference section */

/* Begin XCSwiftPackageProductDependency section */
		296FCD7C28C8294000CAE1CB /* SlidingRuler */ = {
			isa = XCSwiftPackageProductDependency;
			package = 296FCD7B28C8294000CAE1CB /* XCRemoteSwiftPackageReference "SlidingRuler" */;
			productName = SlidingRuler;
		};
/* End XCSwiftPackageProductDependency section */
	};
	rootObject = 296FCD6228C81D7D00CAE1CB /* Project object */;
}
